
Microsoft Visual Studio Solution File, Format Version 12.00
# Visual Studio Version 17
VisualStudioVersion = 17.14.36408.4 d17.14
MinimumVisualStudioVersion = 10.0.40219.1
Project("{FAE04EC0-301F-11D3-BF4B-00C04F79EFBC}") = "WebApi_System", "WebApi_System\WebApi_System.csproj", "{4C0E3D6E-4CA7-4B8C-9996-4F073A6D99CC}"
EndProject
Global
	GlobalSection(SolutionConfigurationPlatforms) = preSolution
		Debug|Any CPU = Debug|Any CPU
		Release|Any CPU = Release|Any CPU
	EndGlobalSection
	GlobalSection(ProjectConfigurationPlatforms) = postSolution
		{4C0E3D6E-4CA7-4B8C-9996-4F073A6D99CC}.Debug|Any CPU.ActiveCfg = Debug|Any CPU
		{4C0E3D6E-4CA7-4B8C-9996-4F073A6D99CC}.Debug|Any CPU.Build.0 = Debug|Any CPU
		{4C0E3D6E-4CA7-4B8C-9996-4F073A6D99CC}.Release|Any CPU.ActiveCfg = Release|Any CPU
		{4C0E3D6E-4CA7-4B8C-9996-4F073A6D99CC}.Release|Any CPU.Build.0 = Release|Any CPU
	EndGlobalSection
	GlobalSection(SolutionProperties) = preSolution
		HideSolutionNode = FALSE
	EndGlobalSection
	GlobalSection(ExtensibilityGlobals) = postSolution
		SolutionGuid = {2640F07F-2858-400D-8221-3B2585128D76}
	EndGlobalSection
EndGlobal
